
Microsoft Visual Studio Solution File, Format Version 12.00
# Visual Studio Version 17
VisualStudioVersion = 17.3.32819.101
MinimumVisualStudioVersion = 10.0.40219.1
Project("{2150E333-8FDC-42A3-9474-1A3956D46DE8}") = "src", "src", "{668F0200-89C7-4319-8995-6A3ECF208574}"
EndProject
Project("{2150E333-8FDC-42A3-9474-1A3956D46DE8}") = "Api", "Api", "{4755B12F-7FA0-44F9-B637-8835262D5287}"
EndProject
Project("{2150E333-8FDC-42A3-9474-1A3956D46DE8}") = "Clients", "Clients", "{D5A569C7-C163-4F3A-BABC-755BCBE257D2}"
EndProject
Project("{2150E333-8FDC-42A3-9474-1A3956D46DE8}") = "Common", "Common", "{373F8E40-2443-4E54-A07A-17C0AF134AAE}"
EndProject
Project("{2150E333-8FDC-42A3-9474-1A3956D46DE8}") = "Projections", "Projections", "{65820DB8-BFFC-4372-A25E-9429A5C21D42}"
EndProject
Project("{2150E333-8FDC-42A3-9474-1A3956D46DE8}") = "Core", "Core", "{BF460556-FC67-4602-9E70-28D36E0F4378}"
EndProject
Project("{2150E333-8FDC-42A3-9474-1A3956D46DE8}") = "Infrastructure", "Infrastructure", "{4E9E1B24-7FB6-4684-82D1-88F6AB975A96}"
EndProject
Project("{2150E333-8FDC-42A3-9474-1A3956D46DE8}") = "WebApi", "WebApi", "{3C093FBC-3F0A-49A6-8363-BE9392FFCC5E}"
EndProject
Project("{2150E333-8FDC-42A3-9474-1A3956D46DE8}") = "BlazorWeb", "BlazorWeb", "{D41F6FCC-2324-4B3E-AB82-719ED161E394}"
EndProject
Project("{FAE04EC0-301F-11D3-BF4B-00C04F79EFBC}") = "BlazorSozluk.Common", "src\Common\BlazorSozluk.Common\BlazorSozluk.Common.csproj", "{087096A4-457A-48C9-89B4-A535A5A8E9B5}"
EndProject
Project("{FAE04EC0-301F-11D3-BF4B-00C04F79EFBC}") = "BlazorSozluk.Api.Domain", "src\Api\Core\BlazorSozluk.Api.Domain\BlazorSozluk.Api.Domain.csproj", "{5F10D7EA-DAF5-4449-8821-C3964E2863CF}"
EndProject
Project("{FAE04EC0-301F-11D3-BF4B-00C04F79EFBC}") = "BlazorSozluk.Api.Application", "src\Api\Core\BlazorSozluk.Api.Application\BlazorSozluk.Api.Application.csproj", "{7C3AC3F5-C9A9-4251-9769-63641BB75DED}"
EndProject
Project("{FAE04EC0-301F-11D3-BF4B-00C04F79EFBC}") = "BlazorSozluk.Infrastructure.Persistence", "src\Api\Infrastructure\BlazorSozluk.Infrastructure.Persistence\BlazorSozluk.Infrastructure.Persistence.csproj", "{EFC2CFBA-FDF8-4F20-A829-0082170450D4}"
EndProject
Project("{FAE04EC0-301F-11D3-BF4B-00C04F79EFBC}") = "BlazorSozluk.Api.WebApi", "src\Api\WebApi\BlazorSozluk.Api.WebApi\BlazorSozluk.Api.WebApi.csproj", "{3875A4BD-E3D8-4C7B-BE6C-05AAB95EEF42}"
EndProject
Project("{FAE04EC0-301F-11D3-BF4B-00C04F79EFBC}") = "BlazorSozluk.Projections.FavoriteService", "src\Projections\BlazorSozluk.Projections.FavoriteService\BlazorSozluk.Projections.FavoriteService.csproj", "{E4518D8B-E681-4FD8-BA0E-034B1B431910}"
EndProject
Project("{FAE04EC0-301F-11D3-BF4B-00C04F79EFBC}") = "BlazorSozluk.Projections.UserService", "src\Projections\BlazorSozluk.Projections.UserService\BlazorSozluk.Projections.UserService.csproj", "{8153E6B5-8223-4EA5-AAFE-B7170FE3CFE1}"
EndProject
Project("{FAE04EC0-301F-11D3-BF4B-00C04F79EFBC}") = "BlazorSozluk.Projections.VoteService", "src\Projections\BlazorSozluk.Projections.VoteService\BlazorSozluk.Projections.VoteService.csproj", "{9BF47633-DD06-41FA-8E80-6E77C14AC890}"
EndProject
Project("{FAE04EC0-301F-11D3-BF4B-00C04F79EFBC}") = "BlazorSozluk.WebApp", "src\Clients\BlazorSozluk.WebApp\BlazorSozluk.WebApp.csproj", "{E70BD9D8-2313-4CF9-B5AB-EFE3F3DE36F4}"
EndProject
Global
	GlobalSection(SolutionConfigurationPlatforms) = preSolution
		Debug|Any CPU = Debug|Any CPU
		Release|Any CPU = Release|Any CPU
	EndGlobalSection
	GlobalSection(ProjectConfigurationPlatforms) = postSolution
		{087096A4-457A-48C9-89B4-A535A5A8E9B5}.Debug|Any CPU.ActiveCfg = Debug|Any CPU
		{087096A4-457A-48C9-89B4-A535A5A8E9B5}.Debug|Any CPU.Build.0 = Debug|Any CPU
		{087096A4-457A-48C9-89B4-A535A5A8E9B5}.Release|Any CPU.ActiveCfg = Release|Any CPU
		{087096A4-457A-48C9-89B4-A535A5A8E9B5}.Release|Any CPU.Build.0 = Release|Any CPU
		{5F10D7EA-DAF5-4449-8821-C3964E2863CF}.Debug|Any CPU.ActiveCfg = Debug|Any CPU
		{5F10D7EA-DAF5-4449-8821-C3964E2863CF}.Debug|Any CPU.Build.0 = Debug|Any CPU
		{5F10D7EA-DAF5-4449-8821-C3964E2863CF}.Release|Any CPU.ActiveCfg = Release|Any CPU
		{5F10D7EA-DAF5-4449-8821-C3964E2863CF}.Release|Any CPU.Build.0 = Release|Any CPU
		{7C3AC3F5-C9A9-4251-9769-63641BB75DED}.Debug|Any CPU.ActiveCfg = Debug|Any CPU
		{7C3AC3F5-C9A9-4251-9769-63641BB75DED}.Debug|Any CPU.Build.0 = Debug|Any CPU
		{7C3AC3F5-C9A9-4251-9769-63641BB75DED}.Release|Any CPU.ActiveCfg = Release|Any CPU
		{7C3AC3F5-C9A9-4251-9769-63641BB75DED}.Release|Any CPU.Build.0 = Release|Any CPU
		{EFC2CFBA-FDF8-4F20-A829-0082170450D4}.Debug|Any CPU.ActiveCfg = Debug|Any CPU
		{EFC2CFBA-FDF8-4F20-A829-0082170450D4}.Debug|Any CPU.Build.0 = Debug|Any CPU
		{EFC2CFBA-FDF8-4F20-A829-0082170450D4}.Release|Any CPU.ActiveCfg = Release|Any CPU
		{EFC2CFBA-FDF8-4F20-A829-0082170450D4}.Release|Any CPU.Build.0 = Release|Any CPU
		{3875A4BD-E3D8-4C7B-BE6C-05AAB95EEF42}.Debug|Any CPU.ActiveCfg = Debug|Any CPU
		{3875A4BD-E3D8-4C7B-BE6C-05AAB95EEF42}.Debug|Any CPU.Build.0 = Debug|Any CPU
		{3875A4BD-E3D8-4C7B-BE6C-05AAB95EEF42}.Release|Any CPU.ActiveCfg = Release|Any CPU
		{3875A4BD-E3D8-4C7B-BE6C-05AAB95EEF42}.Release|Any CPU.Build.0 = Release|Any CPU
		{E4518D8B-E681-4FD8-BA0E-034B1B431910}.Debug|Any CPU.ActiveCfg = Debug|Any CPU
		{E4518D8B-E681-4FD8-BA0E-034B1B431910}.Debug|Any CPU.Build.0 = Debug|Any CPU
		{E4518D8B-E681-4FD8-BA0E-034B1B431910}.Release|Any CPU.ActiveCfg = Release|Any CPU
		{E4518D8B-E681-4FD8-BA0E-034B1B431910}.Release|Any CPU.Build.0 = Release|Any CPU
		{8153E6B5-8223-4EA5-AAFE-B7170FE3CFE1}.Debug|Any CPU.ActiveCfg = Debug|Any CPU
		{8153E6B5-8223-4EA5-AAFE-B7170FE3CFE1}.Debug|Any CPU.Build.0 = Debug|Any CPU
		{8153E6B5-8223-4EA5-AAFE-B7170FE3CFE1}.Release|Any CPU.ActiveCfg = Release|Any CPU
		{8153E6B5-8223-4EA5-AAFE-B7170FE3CFE1}.Release|Any CPU.Build.0 = Release|Any CPU
		{9BF47633-DD06-41FA-8E80-6E77C14AC890}.Debug|Any CPU.ActiveCfg = Debug|Any CPU
		{9BF47633-DD06-41FA-8E80-6E77C14AC890}.Debug|Any CPU.Build.0 = Debug|Any CPU
		{9BF47633-DD06-41FA-8E80-6E77C14AC890}.Release|Any CPU.ActiveCfg = Release|Any CPU
		{9BF47633-DD06-41FA-8E80-6E77C14AC890}.Release|Any CPU.Build.0 = Release|Any CPU
		{E70BD9D8-2313-4CF9-B5AB-EFE3F3DE36F4}.Debug|Any CPU.ActiveCfg = Debug|Any CPU
		{E70BD9D8-2313-4CF9-B5AB-EFE3F3DE36F4}.Debug|Any CPU.Build.0 = Debug|Any CPU
		{E70BD9D8-2313-4CF9-B5AB-EFE3F3DE36F4}.Release|Any CPU.ActiveCfg = Release|Any CPU
		{E70BD9D8-2313-4CF9-B5AB-EFE3F3DE36F4}.Release|Any CPU.Build.0 = Release|Any CPU
	EndGlobalSection
	GlobalSection(SolutionProperties) = preSolution
		HideSolutionNode = FALSE
	EndGlobalSection
	GlobalSection(NestedProjects) = preSolution
		{4755B12F-7FA0-44F9-B637-8835262D5287} = {668F0200-89C7-4319-8995-6A3ECF208574}
		{D5A569C7-C163-4F3A-BABC-755BCBE257D2} = {668F0200-89C7-4319-8995-6A3ECF208574}
		{373F8E40-2443-4E54-A07A-17C0AF134AAE} = {668F0200-89C7-4319-8995-6A3ECF208574}
		{65820DB8-BFFC-4372-A25E-9429A5C21D42} = {668F0200-89C7-4319-8995-6A3ECF208574}
		{BF460556-FC67-4602-9E70-28D36E0F4378} = {4755B12F-7FA0-44F9-B637-8835262D5287}
		{4E9E1B24-7FB6-4684-82D1-88F6AB975A96} = {4755B12F-7FA0-44F9-B637-8835262D5287}
		{3C093FBC-3F0A-49A6-8363-BE9392FFCC5E} = {4755B12F-7FA0-44F9-B637-8835262D5287}
		{D41F6FCC-2324-4B3E-AB82-719ED161E394} = {D5A569C7-C163-4F3A-BABC-755BCBE257D2}
		{087096A4-457A-48C9-89B4-A535A5A8E9B5} = {373F8E40-2443-4E54-A07A-17C0AF134AAE}
		{5F10D7EA-DAF5-4449-8821-C3964E2863CF} = {BF460556-FC67-4602-9E70-28D36E0F4378}
		{7C3AC3F5-C9A9-4251-9769-63641BB75DED} = {BF460556-FC67-4602-9E70-28D36E0F4378}
		{EFC2CFBA-FDF8-4F20-A829-0082170450D4} = {4E9E1B24-7FB6-4684-82D1-88F6AB975A96}
		{3875A4BD-E3D8-4C7B-BE6C-05AAB95EEF42} = {3C093FBC-3F0A-49A6-8363-BE9392FFCC5E}
		{E4518D8B-E681-4FD8-BA0E-034B1B431910} = {65820DB8-BFFC-4372-A25E-9429A5C21D42}
		{8153E6B5-8223-4EA5-AAFE-B7170FE3CFE1} = {65820DB8-BFFC-4372-A25E-9429A5C21D42}
		{9BF47633-DD06-41FA-8E80-6E77C14AC890} = {65820DB8-BFFC-4372-A25E-9429A5C21D42}
		{E70BD9D8-2313-4CF9-B5AB-EFE3F3DE36F4} = {D41F6FCC-2324-4B3E-AB82-719ED161E394}
	EndGlobalSection
	GlobalSection(ExtensibilityGlobals) = postSolution
		SolutionGuid = {0EB71928-175B-414D-AEBB-0CE5779767A2}
	EndGlobalSection
EndGlobal
